
Microsoft Visual Studio Solution File, Format Version 12.00
# Visual Studio 15
VisualStudioVersion = 15.0.27428.2027
MinimumVisualStudioVersion = 10.0.40219.1
Project("{9A19103F-16F7-4668-BE54-9A1E7A4F7556}") = "00.Object-Communication-and-Events-Lab", "00.Lab\00.Object-Communication-and-Events-Lab.csproj", "{55B547C0-B067-4A23-B54E-8D3C59B63937}"
EndProject
Project("{9A19103F-16F7-4668-BE54-9A1E7A4F7556}") = "01.EventImplementation", "01.EventImplementation\01.EventImplementation.csproj", "{DDABB36F-F134-47E2-B7FC-CCB770CFB80F}"
EndProject
Project("{9A19103F-16F7-4668-BE54-9A1E7A4F7556}") = "02.KingsGambit", "02.KingsGambit\02.KingsGambit.csproj", "{C1B38C26-AE3E-4C37-8944-61E6932E7125}"
EndProject
Project("{FAE04EC0-301F-11D3-BF4B-00C04F79EFBC}") = "03.DependencyInversion", "03.DependencyInversion\03.DependencyInversion.csproj", "{185D7018-9274-44A7-9A7A-8B226E33497C}"
EndProject
Project("{FAE04EC0-301F-11D3-BF4B-00C04F79EFBC}") = "04.WorkForce", "04.WorkForce\04.WorkForce.csproj", "{F89D3388-4102-4EFA-9789-D1606C776B6B}"
EndProject
Global
	GlobalSection(SolutionConfigurationPlatforms) = preSolution
		Debug|Any CPU = Debug|Any CPU
		Release|Any CPU = Release|Any CPU
	EndGlobalSection
	GlobalSection(ProjectConfigurationPlatforms) = postSolution
		{55B547C0-B067-4A23-B54E-8D3C59B63937}.Debug|Any CPU.ActiveCfg = Debug|Any CPU
		{55B547C0-B067-4A23-B54E-8D3C59B63937}.Debug|Any CPU.Build.0 = Debug|Any CPU
		{55B547C0-B067-4A23-B54E-8D3C59B63937}.Release|Any CPU.ActiveCfg = Release|Any CPU
		{55B547C0-B067-4A23-B54E-8D3C59B63937}.Release|Any CPU.Build.0 = Release|Any CPU
		{DDABB36F-F134-47E2-B7FC-CCB770CFB80F}.Debug|Any CPU.ActiveCfg = Debug|Any CPU
		{DDABB36F-F134-47E2-B7FC-CCB770CFB80F}.Debug|Any CPU.Build.0 = Debug|Any CPU
		{DDABB36F-F134-47E2-B7FC-CCB770CFB80F}.Release|Any CPU.ActiveCfg = Release|Any CPU
		{DDABB36F-F134-47E2-B7FC-CCB770CFB80F}.Release|Any CPU.Build.0 = Release|Any CPU
		{C1B38C26-AE3E-4C37-8944-61E6932E7125}.Debug|Any CPU.ActiveCfg = Debug|Any CPU
		{C1B38C26-AE3E-4C37-8944-61E6932E7125}.Debug|Any CPU.Build.0 = Debug|Any CPU
		{C1B38C26-AE3E-4C37-8944-61E6932E7125}.Release|Any CPU.ActiveCfg = Release|Any CPU
		{C1B38C26-AE3E-4C37-8944-61E6932E7125}.Release|Any CPU.Build.0 = Release|Any CPU
		{185D7018-9274-44A7-9A7A-8B226E33497C}.Debug|Any CPU.ActiveCfg = Debug|Any CPU
		{185D7018-9274-44A7-9A7A-8B226E33497C}.Debug|Any CPU.Build.0 = Debug|Any CPU
		{185D7018-9274-44A7-9A7A-8B226E33497C}.Release|Any CPU.ActiveCfg = Release|Any CPU
		{185D7018-9274-44A7-9A7A-8B226E33497C}.Release|Any CPU.Build.0 = Release|Any CPU
		{F89D3388-4102-4EFA-9789-D1606C776B6B}.Debug|Any CPU.ActiveCfg = Debug|Any CPU
		{F89D3388-4102-4EFA-9789-D1606C776B6B}.Debug|Any CPU.Build.0 = Debug|Any CPU
		{F89D3388-4102-4EFA-9789-D1606C776B6B}.Release|Any CPU.ActiveCfg = Release|Any CPU
		{F89D3388-4102-4EFA-9789-D1606C776B6B}.Release|Any CPU.Build.0 = Release|Any CPU
	EndGlobalSection
	GlobalSection(SolutionProperties) = preSolution
		HideSolutionNode = FALSE
	EndGlobalSection
	GlobalSection(ExtensibilityGlobals) = postSolution
		SolutionGuid = {25659DD1-52FD-4C3F-984D-6DADF81E0680}
	EndGlobalSection
EndGlobal
