
Microsoft Visual Studio Solution File, Format Version 12.00
# Visual Studio 15
VisualStudioVersion = 15.0.27428.2015
MinimumVisualStudioVersion = 10.0.40219.1
Project("{9A19103F-16F7-4668-BE54-9A1E7A4F7556}") = "00.Stealer_Lab", "00.Stealer_Lab\00.Stealer_Lab.csproj", "{2CC8FD69-9BB4-4B7A-817B-208F4220537E}"
EndProject
Project("{9A19103F-16F7-4668-BE54-9A1E7A4F7556}") = "01.HarvestingFields", "01.HarvestingFields\01.HarvestingFields.csproj", "{8B0F0690-A728-430A-8257-BD8560385412}"
EndProject
Project("{9A19103F-16F7-4668-BE54-9A1E7A4F7556}") = "02.BlackBoxInteger", "02.BlackBoxInteger\02.BlackBoxInteger.csproj", "{7322496E-7C57-4FC3-93ED-F9CB023CA9D2}"
EndProject
Project("{9A19103F-16F7-4668-BE54-9A1E7A4F7556}") = "03.BarraksWars", "03.BarraksWars\03.BarraksWars.csproj", "{00839001-C831-4B13-9C63-33AD3BC2C095}"
EndProject
Global
	GlobalSection(SolutionConfigurationPlatforms) = preSolution
		Debug|Any CPU = Debug|Any CPU
		Release|Any CPU = Release|Any CPU
	EndGlobalSection
	GlobalSection(ProjectConfigurationPlatforms) = postSolution
		{2CC8FD69-9BB4-4B7A-817B-208F4220537E}.Debug|Any CPU.ActiveCfg = Debug|Any CPU
		{2CC8FD69-9BB4-4B7A-817B-208F4220537E}.Debug|Any CPU.Build.0 = Debug|Any CPU
		{2CC8FD69-9BB4-4B7A-817B-208F4220537E}.Release|Any CPU.ActiveCfg = Release|Any CPU
		{2CC8FD69-9BB4-4B7A-817B-208F4220537E}.Release|Any CPU.Build.0 = Release|Any CPU
		{8B0F0690-A728-430A-8257-BD8560385412}.Debug|Any CPU.ActiveCfg = Debug|Any CPU
		{8B0F0690-A728-430A-8257-BD8560385412}.Debug|Any CPU.Build.0 = Debug|Any CPU
		{8B0F0690-A728-430A-8257-BD8560385412}.Release|Any CPU.ActiveCfg = Release|Any CPU
		{8B0F0690-A728-430A-8257-BD8560385412}.Release|Any CPU.Build.0 = Release|Any CPU
		{7322496E-7C57-4FC3-93ED-F9CB023CA9D2}.Debug|Any CPU.ActiveCfg = Debug|Any CPU
		{7322496E-7C57-4FC3-93ED-F9CB023CA9D2}.Debug|Any CPU.Build.0 = Debug|Any CPU
		{7322496E-7C57-4FC3-93ED-F9CB023CA9D2}.Release|Any CPU.ActiveCfg = Release|Any CPU
		{7322496E-7C57-4FC3-93ED-F9CB023CA9D2}.Release|Any CPU.Build.0 = Release|Any CPU
		{00839001-C831-4B13-9C63-33AD3BC2C095}.Debug|Any CPU.ActiveCfg = Debug|Any CPU
		{00839001-C831-4B13-9C63-33AD3BC2C095}.Debug|Any CPU.Build.0 = Debug|Any CPU
		{00839001-C831-4B13-9C63-33AD3BC2C095}.Release|Any CPU.ActiveCfg = Release|Any CPU
		{00839001-C831-4B13-9C63-33AD3BC2C095}.Release|Any CPU.Build.0 = Release|Any CPU
	EndGlobalSection
	GlobalSection(SolutionProperties) = preSolution
		HideSolutionNode = FALSE
	EndGlobalSection
	GlobalSection(ExtensibilityGlobals) = postSolution
		SolutionGuid = {D7608319-4B5C-45B5-A8D1-35AB82604577}
	EndGlobalSection
EndGlobal
